
Microsoft Visual Studio Solution File, Format Version 12.00
# Visual Studio Version 16
VisualStudioVersion = 16.0.31911.196
MinimumVisualStudioVersion = 10.0.40219.1
Project("{9A19103F-16F7-4668-BE54-9A1E7A4F7556}") = "Code_Style", "Code_Style\Code_Style.csproj", "{C3D2793E-B5D8-4D07-AA4D-80BD7F88600C}"
EndProject
Project("{FAE04EC0-301F-11D3-BF4B-00C04F79EFBC}") = "Programming_Paradigms", "Programming_Paradigms\Programming_Paradigms.csproj", "{53260037-6D1C-4A0A-BB40-72175A94AA2B}"
EndProject
Global
	GlobalSection(SolutionConfigurationPlatforms) = preSolution
		Debug|Any CPU = Debug|Any CPU
		Release|Any CPU = Release|Any CPU
	EndGlobalSection
	GlobalSection(ProjectConfigurationPlatforms) = postSolution
		{C3D2793E-B5D8-4D07-AA4D-80BD7F88600C}.Debug|Any CPU.ActiveCfg = Debug|Any CPU
		{C3D2793E-B5D8-4D07-AA4D-80BD7F88600C}.Debug|Any CPU.Build.0 = Debug|Any CPU
		{C3D2793E-B5D8-4D07-AA4D-80BD7F88600C}.Release|Any CPU.ActiveCfg = Release|Any CPU
		{C3D2793E-B5D8-4D07-AA4D-80BD7F88600C}.Release|Any CPU.Build.0 = Release|Any CPU
		{53260037-6D1C-4A0A-BB40-72175A94AA2B}.Debug|Any CPU.ActiveCfg = Debug|Any CPU
		{53260037-6D1C-4A0A-BB40-72175A94AA2B}.Debug|Any CPU.Build.0 = Debug|Any CPU
		{53260037-6D1C-4A0A-BB40-72175A94AA2B}.Release|Any CPU.ActiveCfg = Release|Any CPU
		{53260037-6D1C-4A0A-BB40-72175A94AA2B}.Release|Any CPU.Build.0 = Release|Any CPU
	EndGlobalSection
	GlobalSection(SolutionProperties) = preSolution
		HideSolutionNode = FALSE
	EndGlobalSection
	GlobalSection(ExtensibilityGlobals) = postSolution
		SolutionGuid = {6CDF0D09-3A22-47FD-B5F6-4109E9552C88}
	EndGlobalSection
EndGlobal
